// !$*UTF8*$!
{
	archiveVersion = 1;
	classes = {
	};
	objectVersion = 46;
	objects = {

/* Begin PBXBuildFile section */
		370AC67D18C2886200A36D54 /* GVAppDefaults.m in Sources */ = {isa = PBXBuildFile; fileRef = 370AC67C18C2886200A36D54 /* GVAppDefaults.m */; };
		370AC67F18C2887600A36D54 /* GVAppDefaultsTests.m in Sources */ = {isa = PBXBuildFile; fileRef = 370AC67E18C2887600A36D54 /* GVAppDefaultsTests.m */; };
		370AC68118C2892B00A36D54 /* ApplicationDefaults.plist in Resources */ = {isa = PBXBuildFile; fileRef = 370AC68018C2892B00A36D54 /* ApplicationDefaults.plist */; };
		370AC68418C28E6800A36D54 /* GVPathLoader.m in Sources */ = {isa = PBXBuildFile; fileRef = 370AC68318C28E6800A36D54 /* GVPathLoader.m */; };
		370AC68618C28E7800A36D54 /* GVPathLoaderTests.m in Sources */ = {isa = PBXBuildFile; fileRef = 370AC68518C28E7800A36D54 /* GVPathLoaderTests.m */; };
		370AC68818C291B900A36D54 /* libOCMock.a in Frameworks */ = {isa = PBXBuildFile; fileRef = 370AC68718C291B900A36D54 /* libOCMock.a */; };
		370AC68B18C299FA00A36D54 /* GVContext.m in Sources */ = {isa = PBXBuildFile; fileRef = 370AC68A18C299FA00A36D54 /* GVContext.m */; };
		370AC68D18C29A0300A36D54 /* GVContextTests.m in Sources */ = {isa = PBXBuildFile; fileRef = 370AC68C18C29A0300A36D54 /* GVContextTests.m */; };
		370AC69518C2A33200A36D54 /* GVTestCase.m in Sources */ = {isa = PBXBuildFile; fileRef = 370AC69418C2A33200A36D54 /* GVTestCase.m */; };
		370AC69718C2A3AF00A36D54 /* GVMainViewControllerTestsData in Resources */ = {isa = PBXBuildFile; fileRef = 370AC69618C2A3AF00A36D54 /* GVMainViewControllerTestsData */; };
		370AC69918C2B55A00A36D54 /* GVPathLoaderTestsData in Resources */ = {isa = PBXBuildFile; fileRef = 370AC69818C2B55A00A36D54 /* GVPathLoaderTestsData */; };
		370AC69C18C2E3E800A36D54 /* GVColorPolyline.m in Sources */ = {isa = PBXBuildFile; fileRef = 370AC69B18C2E3E800A36D54 /* GVColorPolyline.m */; };
		370AC69E18C2E43C00A36D54 /* GVColorPolylineTests.m in Sources */ = {isa = PBXBuildFile; fileRef = 370AC69D18C2E43C00A36D54 /* GVColorPolylineTests.m */; };
		370AC6A118C2ED5400A36D54 /* UIColor+HexColors.m in Sources */ = {isa = PBXBuildFile; fileRef = 370AC6A018C2ED5400A36D54 /* UIColor+HexColors.m */; };
		370AC6B918C3987700A36D54 /* GVPathColorsViewController.m in Sources */ = {isa = PBXBuildFile; fileRef = 370AC6B818C3987700A36D54 /* GVPathColorsViewController.m */; };
		370AC6BB18C39A3D00A36D54 /* GVPathColorsViewControllerTests.m in Sources */ = {isa = PBXBuildFile; fileRef = 370AC6BA18C39A3D00A36D54 /* GVPathColorsViewControllerTests.m */; };
		370AC6BF18C3A10B00A36D54 /* GVPathEnabledViewController.m in Sources */ = {isa = PBXBuildFile; fileRef = 370AC6BD18C3A10B00A36D54 /* GVPathEnabledViewController.m */; };
		370AC6C118C3A10F00A36D54 /* GVPathEnabledViewControllerTests.m in Sources */ = {isa = PBXBuildFile; fileRef = 370AC6BE18C3A10B00A36D54 /* GVPathEnabledViewControllerTests.m */; };
		370AC6C418C3B18E00A36D54 /* GVUserLocation.m in Sources */ = {isa = PBXBuildFile; fileRef = 370AC6C318C3B18E00A36D54 /* GVUserLocation.m */; };
		370AC6C618C3B20800A36D54 /* GVUserLocationTests.m in Sources */ = {isa = PBXBuildFile; fileRef = 370AC6C518C3B20800A36D54 /* GVUserLocationTests.m */; };
		370AC6C918C3D66A00A36D54 /* GVCoordinateChecker.m in Sources */ = {isa = PBXBuildFile; fileRef = 370AC6C818C3D66A00A36D54 /* GVCoordinateChecker.m */; };
		370AC6CB18C3D67E00A36D54 /* GVCoordinateCheckerTests.m in Sources */ = {isa = PBXBuildFile; fileRef = 370AC6CA18C3D67E00A36D54 /* GVCoordinateCheckerTests.m */; };
		370AC6CF18C3DCF100A36D54 /* GVAboutViewController.m in Sources */ = {isa = PBXBuildFile; fileRef = 370AC6CE18C3DCF100A36D54 /* GVAboutViewController.m */; };
		370AC6D218C3DE7700A36D54 /* about.html in Resources */ = {isa = PBXBuildFile; fileRef = 370AC6D418C3DE7700A36D54 /* about.html */; };
		370AC6D918C3E16200A36D54 /* GVAboutViewControllerTests.m in Sources */ = {isa = PBXBuildFile; fileRef = 370AC6D818C3E16200A36D54 /* GVAboutViewControllerTests.m */; };
		370AC6DD18C3E71700A36D54 /* GVLicensesViewController.m in Sources */ = {isa = PBXBuildFile; fileRef = 370AC6DB18C3E71700A36D54 /* GVLicensesViewController.m */; };
		370AC6DF18C3E71E00A36D54 /* GVLicensesViewControllerTests.m in Sources */ = {isa = PBXBuildFile; fileRef = 370AC6DC18C3E71700A36D54 /* GVLicensesViewControllerTests.m */; };
		3710DBEA18DD340400CF65C9 /* Main_iPad.storyboard in Resources */ = {isa = PBXBuildFile; fileRef = 3710DBE818DD340400CF65C9 /* Main_iPad.storyboard */; };
		373DC8A618BA6CC2003FBFC3 /* Foundation.framework in Frameworks */ = {isa = PBXBuildFile; fileRef = 373DC8A518BA6CC2003FBFC3 /* Foundation.framework */; };
		373DC8A818BA6CC2003FBFC3 /* CoreGraphics.framework in Frameworks */ = {isa = PBXBuildFile; fileRef = 373DC8A718BA6CC2003FBFC3 /* CoreGraphics.framework */; };
		373DC8AA18BA6CC2003FBFC3 /* UIKit.framework in Frameworks */ = {isa = PBXBuildFile; fileRef = 373DC8A918BA6CC2003FBFC3 /* UIKit.framework */; };
		373DC8AC18BA6CC2003FBFC3 /* CoreData.framework in Frameworks */ = {isa = PBXBuildFile; fileRef = 373DC8AB18BA6CC2003FBFC3 /* CoreData.framework */; };
		373DC8B218BA6CC2003FBFC3 /* InfoPlist.strings in Resources */ = {isa = PBXBuildFile; fileRef = 373DC8B018BA6CC2003FBFC3 /* InfoPlist.strings */; };
		373DC8B418BA6CC2003FBFC3 /* main.m in Sources */ = {isa = PBXBuildFile; fileRef = 373DC8B318BA6CC2003FBFC3 /* main.m */; };
		373DC8B818BA6CC2003FBFC3 /* GVAppDelegate.m in Sources */ = {isa = PBXBuildFile; fileRef = 373DC8B718BA6CC2003FBFC3 /* GVAppDelegate.m */; };
		373DC8BB18BA6CC2003FBFC3 /* Main.storyboard in Resources */ = {isa = PBXBuildFile; fileRef = 373DC8B918BA6CC2003FBFC3 /* Main.storyboard */; };
		373DC8BE18BA6CC2003FBFC3 /* GatineauVe_lo.xcdatamodeld in Sources */ = {isa = PBXBuildFile; fileRef = 373DC8BC18BA6CC2003FBFC3 /* GatineauVe_lo.xcdatamodeld */; };
		373DC8C118BA6CC2003FBFC3 /* GVMainViewController.m in Sources */ = {isa = PBXBuildFile; fileRef = 373DC8C018BA6CC2003FBFC3 /* GVMainViewController.m */; };
		373DC8C418BA6CC2003FBFC3 /* GVFlipsideViewController.m in Sources */ = {isa = PBXBuildFile; fileRef = 373DC8C318BA6CC2003FBFC3 /* GVFlipsideViewController.m */; };
		373DC8C618BA6CC2003FBFC3 /* Images.xcassets in Resources */ = {isa = PBXBuildFile; fileRef = 373DC8C518BA6CC2003FBFC3 /* Images.xcassets */; };
		373DC8CD18BA6CC2003FBFC3 /* XCTest.framework in Frameworks */ = {isa = PBXBuildFile; fileRef = 373DC8CC18BA6CC2003FBFC3 /* XCTest.framework */; };
		373DC8CE18BA6CC2003FBFC3 /* Foundation.framework in Frameworks */ = {isa = PBXBuildFile; fileRef = 373DC8A518BA6CC2003FBFC3 /* Foundation.framework */; };
		373DC8CF18BA6CC2003FBFC3 /* UIKit.framework in Frameworks */ = {isa = PBXBuildFile; fileRef = 373DC8A918BA6CC2003FBFC3 /* UIKit.framework */; };
		373DC8D018BA6CC2003FBFC3 /* CoreData.framework in Frameworks */ = {isa = PBXBuildFile; fileRef = 373DC8AB18BA6CC2003FBFC3 /* CoreData.framework */; };
		373DC8D818BA6CC2003FBFC3 /* InfoPlist.strings in Resources */ = {isa = PBXBuildFile; fileRef = 373DC8D618BA6CC2003FBFC3 /* InfoPlist.strings */; };
		373DC8E418BA6CF0003FBFC3 /* GVMainViewControllerTests.m in Sources */ = {isa = PBXBuildFile; fileRef = 373DC8E318BA6CF0003FBFC3 /* GVMainViewControllerTests.m */; };
		373DC8E618BA6D81003FBFC3 /* GVFlipsideViewControllerTests.m in Sources */ = {isa = PBXBuildFile; fileRef = 373DC8E518BA6D81003FBFC3 /* GVFlipsideViewControllerTests.m */; };
		373DC8E818BA6DE1003FBFC3 /* GVAppDelegateTests.m in Sources */ = {isa = PBXBuildFile; fileRef = 373DC8E718BA6DE1003FBFC3 /* GVAppDelegateTests.m */; };
		37427A051EA3FBE5001CD52E /* GVMapTypeViewController.m in Sources */ = {isa = PBXBuildFile; fileRef = 37427A031EA3FBE5001CD52E /* GVMapTypeViewController.m */; };
		37427A071EA3FBEB001CD52E /* GVMapTypeViewControllerTests.m in Sources */ = {isa = PBXBuildFile; fileRef = 37427A041EA3FBE5001CD52E /* GVMapTypeViewControllerTests.m */; };
		3754E33A1AB488D100A40786 /* Launch Screen.xib in Resources */ = {isa = PBXBuildFile; fileRef = 3754E3381AB488D100A40786 /* Launch Screen.xib */; };
		375E775B1ACF2D6900765280 /* Crashlytics.framework in Frameworks */ = {isa = PBXBuildFile; fileRef = 375E77591ACF2D6900765280 /* Crashlytics.framework */; };
		375E775C1ACF2D6900765280 /* Fabric.framework in Frameworks */ = {isa = PBXBuildFile; fileRef = 375E775A1ACF2D6900765280 /* Fabric.framework */; };
		378DA92718C3E75B00ED4501 /* licenses.html in Resources */ = {isa = PBXBuildFile; fileRef = 378DA92518C3E75B00ED4501 /* licenses.html */; };
		378DA92C18C3E95A00ED4501 /* GVOpenDataLicenseViewController.m in Sources */ = {isa = PBXBuildFile; fileRef = 378DA92A18C3E95A00ED4501 /* GVOpenDataLicenseViewController.m */; };
		378DA92E18C3E95F00ED4501 /* GVOpenDataLicenseViewControllerTests.m in Sources */ = {isa = PBXBuildFile; fileRef = 378DA92B18C3E95A00ED4501 /* GVOpenDataLicenseViewControllerTests.m */; };
		378DA93118C3E9B600ED4501 /* open_data_license.html in Resources */ = {isa = PBXBuildFile; fileRef = 378DA92F18C3E9B600ED4501 /* open_data_license.html */; };
		378DA93518C4088C00ED4501 /* MBProgressHUD.m in Sources */ = {isa = PBXBuildFile; fileRef = 378DA93418C4088C00ED4501 /* MBProgressHUD.m */; };
		378DA93718C4243200ED4501 /* GVContextTestsData in Resources */ = {isa = PBXBuildFile; fileRef = 378DA93618C4243200ED4501 /* GVContextTestsData */; };
		379F47BE1E920C64006C6BCD /* GVWebViewDelegate.m in Sources */ = {isa = PBXBuildFile; fileRef = 379F47BD1E920C64006C6BCD /* GVWebViewDelegate.m */; };
		379F47C01E920C77006C6BCD /* GVWebViewDelegateTests.m in Sources */ = {isa = PBXBuildFile; fileRef = 379F47BF1E920C76006C6BCD /* GVWebViewDelegateTests.m */; };
		379F47C31E930B0C006C6BCD /* GVReviewController.m in Sources */ = {isa = PBXBuildFile; fileRef = 379F47C21E930B0C006C6BCD /* GVReviewController.m */; };
		379F47C51E930B27006C6BCD /* GVReviewControllerTests.m in Sources */ = {isa = PBXBuildFile; fileRef = 379F47C41E930B27006C6BCD /* GVReviewControllerTests.m */; };
		37BAB16E18BA767A00B949D1 /* GVPoint.m in Sources */ = {isa = PBXBuildFile; fileRef = 37BAB16D18BA767A00B949D1 /* GVPoint.m */; };
		37BAB17118BA767A00B949D1 /* GVPisteCyclable.m in Sources */ = {isa = PBXBuildFile; fileRef = 37BAB17018BA767A00B949D1 /* GVPisteCyclable.m */; };
		37BAB17518BAED9300B949D1 /* DDFileReader.m in Sources */ = {isa = PBXBuildFile; fileRef = 37BAB17418BAED9300B949D1 /* DDFileReader.m */; };
		37DEC0741F93092D0037BCBB /* update.json in Resources */ = {isa = PBXBuildFile; fileRef = 37E5891B1F930346005AB715 /* update.json */; };
		37E589181F92FF61005AB715 /* GVUpdateLoader.m in Sources */ = {isa = PBXBuildFile; fileRef = 37E589151F92FD9A005AB715 /* GVUpdateLoader.m */; };
		37E589191F92FF65005AB715 /* GVUpdateLoaderTests.m in Sources */ = {isa = PBXBuildFile; fileRef = 37E589171F92FDA6005AB715 /* GVUpdateLoaderTests.m */; };
		37E5891A1F92FF69005AB715 /* GVUpdateLoaderTestsData in Resources */ = {isa = PBXBuildFile; fileRef = 37E589161F92FDA5005AB715 /* GVUpdateLoaderTestsData */; };
		37EFADAE18BA701D00728113 /* MapKit.framework in Frameworks */ = {isa = PBXBuildFile; fileRef = 37EFADAD18BA701D00728113 /* MapKit.framework */; };
		37EFADB618BA722200728113 /* PISTE_CYCLABLE.csv in Resources */ = {isa = PBXBuildFile; fileRef = 37EFADB518BA722200728113 /* PISTE_CYCLABLE.csv */; };
/* End PBXBuildFile section */

/* Begin PBXContainerItemProxy section */
		373DC8D118BA6CC2003FBFC3 /* PBXContainerItemProxy */ = {
			isa = PBXContainerItemProxy;
			containerPortal = 373DC89A18BA6CC2003FBFC3 /* Project object */;
			proxyType = 1;
			remoteGlobalIDString = 373DC8A118BA6CC2003FBFC3;
			remoteInfo = "GatineauVélo";
		};
/* End PBXContainerItemProxy section */

/* Begin PBXFileReference section */
		370AC67B18C2886200A36D54 /* GVAppDefaults.h */ = {isa = PBXFileReference; fileEncoding = 4; lastKnownFileType = sourcecode.c.h; path = GVAppDefaults.h; sourceTree = "<group>"; };
		370AC67C18C2886200A36D54 /* GVAppDefaults.m */ = {isa = PBXFileReference; fileEncoding = 4; lastKnownFileType = sourcecode.c.objc; path = GVAppDefaults.m; sourceTree = "<group>"; };
		370AC67E18C2887600A36D54 /* GVAppDefaultsTests.m */ = {isa = PBXFileReference; fileEncoding = 4; lastKnownFileType = sourcecode.c.objc; path = GVAppDefaultsTests.m; sourceTree = "<group>"; };
		370AC68018C2892B00A36D54 /* ApplicationDefaults.plist */ = {isa = PBXFileReference; fileEncoding = 4; lastKnownFileType = text.plist.xml; path = ApplicationDefaults.plist; sourceTree = "<group>"; };
		370AC68218C28E6800A36D54 /* GVPathLoader.h */ = {isa = PBXFileReference; fileEncoding = 4; lastKnownFileType = sourcecode.c.h; path = GVPathLoader.h; sourceTree = "<group>"; };
		370AC68318C28E6800A36D54 /* GVPathLoader.m */ = {isa = PBXFileReference; fileEncoding = 4; lastKnownFileType = sourcecode.c.objc; path = GVPathLoader.m; sourceTree = "<group>"; };
		370AC68518C28E7800A36D54 /* GVPathLoaderTests.m */ = {isa = PBXFileReference; fileEncoding = 4; lastKnownFileType = sourcecode.c.objc; path = GVPathLoaderTests.m; sourceTree = "<group>"; };
		370AC68718C291B900A36D54 /* libOCMock.a */ = {isa = PBXFileReference; lastKnownFileType = archive.ar; name = libOCMock.a; path = GatineauVeloTests/OCMock/iOS/libOCMock.a; sourceTree = SOURCE_ROOT; };
		370AC68918C299FA00A36D54 /* GVContext.h */ = {isa = PBXFileReference; fileEncoding = 4; lastKnownFileType = sourcecode.c.h; path = GVContext.h; sourceTree = "<group>"; };
		370AC68A18C299FA00A36D54 /* GVContext.m */ = {isa = PBXFileReference; fileEncoding = 4; lastKnownFileType = sourcecode.c.objc; path = GVContext.m; sourceTree = "<group>"; };
		370AC68C18C29A0300A36D54 /* GVContextTests.m */ = {isa = PBXFileReference; fileEncoding = 4; lastKnownFileType = sourcecode.c.objc; path = GVContextTests.m; sourceTree = "<group>"; };
		370AC69318C2A33200A36D54 /* GVTestCase.h */ = {isa = PBXFileReference; fileEncoding = 4; lastKnownFileType = sourcecode.c.h; path = GVTestCase.h; sourceTree = "<group>"; };
		370AC69418C2A33200A36D54 /* GVTestCase.m */ = {isa = PBXFileReference; fileEncoding = 4; lastKnownFileType = sourcecode.c.objc; path = GVTestCase.m; sourceTree = "<group>"; };
		370AC69618C2A3AF00A36D54 /* GVMainViewControllerTestsData */ = {isa = PBXFileReference; lastKnownFileType = folder; path = GVMainViewControllerTestsData; sourceTree = "<group>"; };
		370AC69818C2B55A00A36D54 /* GVPathLoaderTestsData */ = {isa = PBXFileReference; lastKnownFileType = folder; path = GVPathLoaderTestsData; sourceTree = "<group>"; };
		370AC69A18C2E3E800A36D54 /* GVColorPolyline.h */ = {isa = PBXFileReference; fileEncoding = 4; lastKnownFileType = sourcecode.c.h; path = GVColorPolyline.h; sourceTree = "<group>"; };
		370AC69B18C2E3E800A36D54 /* GVColorPolyline.m */ = {isa = PBXFileReference; fileEncoding = 4; lastKnownFileType = sourcecode.c.objc; path = GVColorPolyline.m; sourceTree = "<group>"; };
		370AC69D18C2E43C00A36D54 /* GVColorPolylineTests.m */ = {isa = PBXFileReference; fileEncoding = 4; lastKnownFileType = sourcecode.c.objc; path = GVColorPolylineTests.m; sourceTree = "<group>"; };
		370AC69F18C2ED5400A36D54 /* UIColor+HexColors.h */ = {isa = PBXFileReference; fileEncoding = 4; lastKnownFileType = sourcecode.c.h; name = "UIColor+HexColors.h"; path = "Third Party/UIColor+HexColors.h"; sourceTree = "<group>"; };
		370AC6A018C2ED5400A36D54 /* UIColor+HexColors.m */ = {isa = PBXFileReference; fileEncoding = 4; lastKnownFileType = sourcecode.c.objc; name = "UIColor+HexColors.m"; path = "Third Party/UIColor+HexColors.m"; sourceTree = "<group>"; };
		370AC6A318C377E300A36D54 /* LICENSE */ = {isa = PBXFileReference; lastKnownFileType = text; path = LICENSE; sourceTree = "<group>"; };
		370AC6A418C377E300A36D54 /* README.md */ = {isa = PBXFileReference; lastKnownFileType = text; path = README.md; sourceTree = "<group>"; };
		370AC6B718C3987700A36D54 /* GVPathColorsViewController.h */ = {isa = PBXFileReference; fileEncoding = 4; lastKnownFileType = sourcecode.c.h; path = GVPathColorsViewController.h; sourceTree = "<group>"; };
		370AC6B818C3987700A36D54 /* GVPathColorsViewController.m */ = {isa = PBXFileReference; fileEncoding = 4; lastKnownFileType = sourcecode.c.objc; path = GVPathColorsViewController.m; sourceTree = "<group>"; };
		370AC6BA18C39A3D00A36D54 /* GVPathColorsViewControllerTests.m */ = {isa = PBXFileReference; fileEncoding = 4; lastKnownFileType = sourcecode.c.objc; path = GVPathColorsViewControllerTests.m; sourceTree = "<group>"; };
		370AC6BC18C3A10B00A36D54 /* GVPathEnabledViewController.h */ = {isa = PBXFileReference; fileEncoding = 4; lastKnownFileType = sourcecode.c.h; path = GVPathEnabledViewController.h; sourceTree = "<group>"; };
		370AC6BD18C3A10B00A36D54 /* GVPathEnabledViewController.m */ = {isa = PBXFileReference; fileEncoding = 4; lastKnownFileType = sourcecode.c.objc; path = GVPathEnabledViewController.m; sourceTree = "<group>"; };
		370AC6BE18C3A10B00A36D54 /* GVPathEnabledViewControllerTests.m */ = {isa = PBXFileReference; fileEncoding = 4; lastKnownFileType = sourcecode.c.objc; path = GVPathEnabledViewControllerTests.m; sourceTree = "<group>"; };
		370AC6C218C3B18E00A36D54 /* GVUserLocation.h */ = {isa = PBXFileReference; fileEncoding = 4; lastKnownFileType = sourcecode.c.h; path = GVUserLocation.h; sourceTree = "<group>"; };
		370AC6C318C3B18E00A36D54 /* GVUserLocation.m */ = {isa = PBXFileReference; fileEncoding = 4; lastKnownFileType = sourcecode.c.objc; path = GVUserLocation.m; sourceTree = "<group>"; };
		370AC6C518C3B20800A36D54 /* GVUserLocationTests.m */ = {isa = PBXFileReference; fileEncoding = 4; lastKnownFileType = sourcecode.c.objc; path = GVUserLocationTests.m; sourceTree = "<group>"; };
		370AC6C718C3D66A00A36D54 /* GVCoordinateChecker.h */ = {isa = PBXFileReference; fileEncoding = 4; lastKnownFileType = sourcecode.c.h; path = GVCoordinateChecker.h; sourceTree = "<group>"; };
		370AC6C818C3D66A00A36D54 /* GVCoordinateChecker.m */ = {isa = PBXFileReference; fileEncoding = 4; lastKnownFileType = sourcecode.c.objc; path = GVCoordinateChecker.m; sourceTree = "<group>"; };
		370AC6CA18C3D67E00A36D54 /* GVCoordinateCheckerTests.m */ = {isa = PBXFileReference; fileEncoding = 4; lastKnownFileType = sourcecode.c.objc; path = GVCoordinateCheckerTests.m; sourceTree = "<group>"; };
		370AC6CD18C3DCF100A36D54 /* GVAboutViewController.h */ = {isa = PBXFileReference; fileEncoding = 4; lastKnownFileType = sourcecode.c.h; path = GVAboutViewController.h; sourceTree = "<group>"; };
		370AC6CE18C3DCF100A36D54 /* GVAboutViewController.m */ = {isa = PBXFileReference; fileEncoding = 4; lastKnownFileType = sourcecode.c.objc; path = GVAboutViewController.m; sourceTree = "<group>"; };
		370AC6D618C3DE7C00A36D54 /* fr */ = {isa = PBXFileReference; lastKnownFileType = text.html; name = fr; path = fr.lproj/about.html; sourceTree = "<group>"; };
		370AC6D718C3DEB700A36D54 /* en */ = {isa = PBXFileReference; lastKnownFileType = text.html; name = en; path = en.lproj/about.html; sourceTree = "<group>"; };
		370AC6D818C3E16200A36D54 /* GVAboutViewControllerTests.m */ = {isa = PBXFileReference; fileEncoding = 4; lastKnownFileType = sourcecode.c.objc; path = GVAboutViewControllerTests.m; sourceTree = "<group>"; };
		370AC6DA18C3E71700A36D54 /* GVLicensesViewController.h */ = {isa = PBXFileReference; fileEncoding = 4; lastKnownFileType = sourcecode.c.h; path = GVLicensesViewController.h; sourceTree = "<group>"; };
		370AC6DB18C3E71700A36D54 /* GVLicensesViewController.m */ = {isa = PBXFileReference; fileEncoding = 4; lastKnownFileType = sourcecode.c.objc; path = GVLicensesViewController.m; sourceTree = "<group>"; };
		370AC6DC18C3E71700A36D54 /* GVLicensesViewControllerTests.m */ = {isa = PBXFileReference; fileEncoding = 4; lastKnownFileType = sourcecode.c.objc; path = GVLicensesViewControllerTests.m; sourceTree = "<group>"; };
		3710DBE918DD340400CF65C9 /* Base */ = {isa = PBXFileReference; lastKnownFileType = file.storyboard; name = Base; path = Base.lproj/Main_iPad.storyboard; sourceTree = "<group>"; };
		3710DBEC18DD37C800CF65C9 /* fr */ = {isa = PBXFileReference; lastKnownFileType = text.plist.strings; name = fr; path = fr.lproj/Main_iPad.strings; sourceTree = "<group>"; };
		3710DBEE18DD37C900CF65C9 /* en */ = {isa = PBXFileReference; lastKnownFileType = text.plist.strings; name = en; path = en.lproj/Main_iPad.strings; sourceTree = "<group>"; };
		3739BDBE1AD18C3200F167FF /* iTunes */ = {isa = PBXFileReference; lastKnownFileType = folder; path = iTunes; sourceTree = "<group>"; };
		373DC8A218BA6CC2003FBFC3 /* GatineauVélo.app */ = {isa = PBXFileReference; explicitFileType = wrapper.application; includeInIndex = 0; path = "GatineauVélo.app"; sourceTree = BUILT_PRODUCTS_DIR; };
		373DC8A518BA6CC2003FBFC3 /* Foundation.framework */ = {isa = PBXFileReference; lastKnownFileType = wrapper.framework; name = Foundation.framework; path = System/Library/Frameworks/Foundation.framework; sourceTree = SDKROOT; };
		373DC8A718BA6CC2003FBFC3 /* CoreGraphics.framework */ = {isa = PBXFileReference; lastKnownFileType = wrapper.framework; name = CoreGraphics.framework; path = System/Library/Frameworks/CoreGraphics.framework; sourceTree = SDKROOT; };
		373DC8A918BA6CC2003FBFC3 /* UIKit.framework */ = {isa = PBXFileReference; lastKnownFileType = wrapper.framework; name = UIKit.framework; path = System/Library/Frameworks/UIKit.framework; sourceTree = SDKROOT; };
		373DC8AB18BA6CC2003FBFC3 /* CoreData.framework */ = {isa = PBXFileReference; lastKnownFileType = wrapper.framework; name = CoreData.framework; path = System/Library/Frameworks/CoreData.framework; sourceTree = SDKROOT; };
		373DC8AF18BA6CC2003FBFC3 /* GatineauVelo-Info.plist */ = {isa = PBXFileReference; lastKnownFileType = text.plist.xml; path = "GatineauVelo-Info.plist"; sourceTree = "<group>"; };
		373DC8B118BA6CC2003FBFC3 /* en */ = {isa = PBXFileReference; lastKnownFileType = text.plist.strings; name = en; path = en.lproj/InfoPlist.strings; sourceTree = "<group>"; };
		373DC8B318BA6CC2003FBFC3 /* main.m */ = {isa = PBXFileReference; lastKnownFileType = sourcecode.c.objc; path = main.m; sourceTree = "<group>"; };
		373DC8B518BA6CC2003FBFC3 /* GatineauVelo-Prefix.pch */ = {isa = PBXFileReference; lastKnownFileType = sourcecode.c.h; path = "GatineauVelo-Prefix.pch"; sourceTree = "<group>"; };
		373DC8B618BA6CC2003FBFC3 /* GVAppDelegate.h */ = {isa = PBXFileReference; lastKnownFileType = sourcecode.c.h; path = GVAppDelegate.h; sourceTree = "<group>"; };
		373DC8B718BA6CC2003FBFC3 /* GVAppDelegate.m */ = {isa = PBXFileReference; lastKnownFileType = sourcecode.c.objc; path = GVAppDelegate.m; sourceTree = "<group>"; };
		373DC8BA18BA6CC2003FBFC3 /* Base */ = {isa = PBXFileReference; lastKnownFileType = file.storyboard; name = Base; path = Base.lproj/Main.storyboard; sourceTree = "<group>"; };
		373DC8BD18BA6CC2003FBFC3 /* GatineauVe_lo.xcdatamodel */ = {isa = PBXFileReference; lastKnownFileType = wrapper.xcdatamodel; path = GatineauVe_lo.xcdatamodel; sourceTree = "<group>"; };
		373DC8BF18BA6CC2003FBFC3 /* GVMainViewController.h */ = {isa = PBXFileReference; lastKnownFileType = sourcecode.c.h; path = GVMainViewController.h; sourceTree = "<group>"; };
		373DC8C018BA6CC2003FBFC3 /* GVMainViewController.m */ = {isa = PBXFileReference; lastKnownFileType = sourcecode.c.objc; path = GVMainViewController.m; sourceTree = "<group>"; };
		373DC8C218BA6CC2003FBFC3 /* GVFlipsideViewController.h */ = {isa = PBXFileReference; lastKnownFileType = sourcecode.c.h; path = GVFlipsideViewController.h; sourceTree = "<group>"; };
		373DC8C318BA6CC2003FBFC3 /* GVFlipsideViewController.m */ = {isa = PBXFileReference; lastKnownFileType = sourcecode.c.objc; path = GVFlipsideViewController.m; sourceTree = "<group>"; };
		373DC8C518BA6CC2003FBFC3 /* Images.xcassets */ = {isa = PBXFileReference; lastKnownFileType = folder.assetcatalog; path = Images.xcassets; sourceTree = "<group>"; };
		373DC8CB18BA6CC2003FBFC3 /* GatineauVéloTests.xctest */ = {isa = PBXFileReference; explicitFileType = wrapper.cfbundle; includeInIndex = 0; path = "GatineauVéloTests.xctest"; sourceTree = BUILT_PRODUCTS_DIR; };
		373DC8CC18BA6CC2003FBFC3 /* XCTest.framework */ = {isa = PBXFileReference; lastKnownFileType = wrapper.framework; name = XCTest.framework; path = Library/Frameworks/XCTest.framework; sourceTree = DEVELOPER_DIR; };
		373DC8D518BA6CC2003FBFC3 /* GatineauVeloTests-Info.plist */ = {isa = PBXFileReference; lastKnownFileType = text.plist.xml; path = "GatineauVeloTests-Info.plist"; sourceTree = "<group>"; };
		373DC8D718BA6CC2003FBFC3 /* en */ = {isa = PBXFileReference; lastKnownFileType = text.plist.strings; name = en; path = en.lproj/InfoPlist.strings; sourceTree = "<group>"; };
		373DC8E318BA6CF0003FBFC3 /* GVMainViewControllerTests.m */ = {isa = PBXFileReference; fileEncoding = 4; lastKnownFileType = sourcecode.c.objc; path = GVMainViewControllerTests.m; sourceTree = "<group>"; };
		373DC8E518BA6D81003FBFC3 /* GVFlipsideViewControllerTests.m */ = {isa = PBXFileReference; fileEncoding = 4; lastKnownFileType = sourcecode.c.objc; path = GVFlipsideViewControllerTests.m; sourceTree = "<group>"; };
		373DC8E718BA6DE1003FBFC3 /* GVAppDelegateTests.m */ = {isa = PBXFileReference; fileEncoding = 4; lastKnownFileType = sourcecode.c.objc; path = GVAppDelegateTests.m; sourceTree = "<group>"; };
		37427A021EA3FBE5001CD52E /* GVMapTypeViewController.h */ = {isa = PBXFileReference; fileEncoding = 4; lastKnownFileType = sourcecode.c.h; path = GVMapTypeViewController.h; sourceTree = "<group>"; };
		37427A031EA3FBE5001CD52E /* GVMapTypeViewController.m */ = {isa = PBXFileReference; fileEncoding = 4; lastKnownFileType = sourcecode.c.objc; path = GVMapTypeViewController.m; sourceTree = "<group>"; };
		37427A041EA3FBE5001CD52E /* GVMapTypeViewControllerTests.m */ = {isa = PBXFileReference; fileEncoding = 4; lastKnownFileType = sourcecode.c.objc; path = GVMapTypeViewControllerTests.m; sourceTree = "<group>"; };
		3754E3391AB488D100A40786 /* Base */ = {isa = PBXFileReference; lastKnownFileType = file.xib; name = Base; path = "Base.lproj/Launch Screen.xib"; sourceTree = "<group>"; };
		3754E33C1AB4890B00A40786 /* en */ = {isa = PBXFileReference; lastKnownFileType = text.plist.strings; name = en; path = "en.lproj/Launch Screen.strings"; sourceTree = "<group>"; };
		3754E33E1AB4890D00A40786 /* fr */ = {isa = PBXFileReference; lastKnownFileType = text.plist.strings; name = fr; path = "fr.lproj/Launch Screen.strings"; sourceTree = "<group>"; };
		375E77591ACF2D6900765280 /* Crashlytics.framework */ = {isa = PBXFileReference; lastKnownFileType = wrapper.framework; name = Crashlytics.framework; path = "GatineauVelo/Third Party/Crashlytics.framework"; sourceTree = SOURCE_ROOT; };
		375E775A1ACF2D6900765280 /* Fabric.framework */ = {isa = PBXFileReference; lastKnownFileType = wrapper.framework; name = Fabric.framework; path = "GatineauVelo/Third Party/Fabric.framework"; sourceTree = SOURCE_ROOT; };
		375E775D1ACF6C1600765280 /* FabricKeys.h */ = {isa = PBXFileReference; fileEncoding = 4; lastKnownFileType = sourcecode.c.h; name = FabricKeys.h; path = "Third Party/FabricKeys.h"; sourceTree = "<group>"; };
		375E775E1ACF6D8B00765280 /* GatineauVelo-Info.h */ = {isa = PBXFileReference; lastKnownFileType = sourcecode.c.h; path = "GatineauVelo-Info.h"; sourceTree = "<group>"; };
		378DA92618C3E75B00ED4501 /* en */ = {isa = PBXFileReference; lastKnownFileType = text.html; name = en; path = en.lproj/licenses.html; sourceTree = "<group>"; };
		378DA92818C3E76100ED4501 /* fr */ = {isa = PBXFileReference; lastKnownFileType = text.html; name = fr; path = fr.lproj/licenses.html; sourceTree = "<group>"; };
		378DA92918C3E95A00ED4501 /* GVOpenDataLicenseViewController.h */ = {isa = PBXFileReference; fileEncoding = 4; lastKnownFileType = sourcecode.c.h; path = GVOpenDataLicenseViewController.h; sourceTree = "<group>"; };
		378DA92A18C3E95A00ED4501 /* GVOpenDataLicenseViewController.m */ = {isa = PBXFileReference; fileEncoding = 4; lastKnownFileType = sourcecode.c.objc; path = GVOpenDataLicenseViewController.m; sourceTree = "<group>"; };
		378DA92B18C3E95A00ED4501 /* GVOpenDataLicenseViewControllerTests.m */ = {isa = PBXFileReference; fileEncoding = 4; lastKnownFileType = sourcecode.c.objc; path = GVOpenDataLicenseViewControllerTests.m; sourceTree = "<group>"; };
		378DA93018C3E9B600ED4501 /* en */ = {isa = PBXFileReference; lastKnownFileType = text.html; name = en; path = en.lproj/open_data_license.html; sourceTree = "<group>"; };
		378DA93218C3E9BA00ED4501 /* fr */ = {isa = PBXFileReference; lastKnownFileType = text.html; name = fr; path = fr.lproj/open_data_license.html; sourceTree = "<group>"; };
		378DA93318C4088C00ED4501 /* MBProgressHUD.h */ = {isa = PBXFileReference; fileEncoding = 4; lastKnownFileType = sourcecode.c.h; name = MBProgressHUD.h; path = "Third Party/MBProgressHUD.h"; sourceTree = "<group>"; };
		378DA93418C4088C00ED4501 /* MBProgressHUD.m */ = {isa = PBXFileReference; fileEncoding = 4; lastKnownFileType = sourcecode.c.objc; name = MBProgressHUD.m; path = "Third Party/MBProgressHUD.m"; sourceTree = "<group>"; };
		378DA93618C4243200ED4501 /* GVContextTestsData */ = {isa = PBXFileReference; lastKnownFileType = folder; path = GVContextTestsData; sourceTree = "<group>"; };
		379F47BC1E920C64006C6BCD /* GVWebViewDelegate.h */ = {isa = PBXFileReference; fileEncoding = 4; lastKnownFileType = sourcecode.c.h; path = GVWebViewDelegate.h; sourceTree = "<group>"; };
		379F47BD1E920C64006C6BCD /* GVWebViewDelegate.m */ = {isa = PBXFileReference; fileEncoding = 4; lastKnownFileType = sourcecode.c.objc; path = GVWebViewDelegate.m; sourceTree = "<group>"; };
		379F47BF1E920C76006C6BCD /* GVWebViewDelegateTests.m */ = {isa = PBXFileReference; fileEncoding = 4; lastKnownFileType = sourcecode.c.objc; path = GVWebViewDelegateTests.m; sourceTree = "<group>"; };
		379F47C11E930B0C006C6BCD /* GVReviewController.h */ = {isa = PBXFileReference; fileEncoding = 4; lastKnownFileType = sourcecode.c.h; path = GVReviewController.h; sourceTree = "<group>"; };
		379F47C21E930B0C006C6BCD /* GVReviewController.m */ = {isa = PBXFileReference; fileEncoding = 4; lastKnownFileType = sourcecode.c.objc; path = GVReviewController.m; sourceTree = "<group>"; };
		379F47C41E930B27006C6BCD /* GVReviewControllerTests.m */ = {isa = PBXFileReference; fileEncoding = 4; lastKnownFileType = sourcecode.c.objc; path = GVReviewControllerTests.m; sourceTree = "<group>"; };
		37BAB16C18BA767A00B949D1 /* GVPoint.h */ = {isa = PBXFileReference; fileEncoding = 4; lastKnownFileType = sourcecode.c.h; path = GVPoint.h; sourceTree = "<group>"; };
		37BAB16D18BA767A00B949D1 /* GVPoint.m */ = {isa = PBXFileReference; fileEncoding = 4; lastKnownFileType = sourcecode.c.objc; path = GVPoint.m; sourceTree = "<group>"; };
		37BAB16F18BA767A00B949D1 /* GVPisteCyclable.h */ = {isa = PBXFileReference; fileEncoding = 4; lastKnownFileType = sourcecode.c.h; path = GVPisteCyclable.h; sourceTree = "<group>"; };
		37BAB17018BA767A00B949D1 /* GVPisteCyclable.m */ = {isa = PBXFileReference; fileEncoding = 4; lastKnownFileType = sourcecode.c.objc; path = GVPisteCyclable.m; sourceTree = "<group>"; };
		37BAB17318BAED9300B949D1 /* DDFileReader.h */ = {isa = PBXFileReference; fileEncoding = 4; lastKnownFileType = sourcecode.c.h; name = DDFileReader.h; path = "Third Party/DDFileReader.h"; sourceTree = "<group>"; };
		37BAB17418BAED9300B949D1 /* DDFileReader.m */ = {isa = PBXFileReference; fileEncoding = 4; lastKnownFileType = sourcecode.c.objc; name = DDFileReader.m; path = "Third Party/DDFileReader.m"; sourceTree = "<group>"; };
		37D96A9518C58035006298B4 /* fr */ = {isa = PBXFileReference; lastKnownFileType = text.plist.strings; name = fr; path = fr.lproj/Main.strings; sourceTree = "<group>"; };
		37D96A9618C5803A006298B4 /* en */ = {isa = PBXFileReference; lastKnownFileType = text.plist.strings; name = en; path = en.lproj/Main.strings; sourceTree = "<group>"; };
		37E589141F92FD99005AB715 /* GVUpdateLoader.h */ = {isa = PBXFileReference; lastKnownFileType = sourcecode.c.h; path = GVUpdateLoader.h; sourceTree = "<group>"; };
		37E589151F92FD9A005AB715 /* GVUpdateLoader.m */ = {isa = PBXFileReference; lastKnownFileType = sourcecode.c.objc; path = GVUpdateLoader.m; sourceTree = "<group>"; };
		37E589161F92FDA5005AB715 /* GVUpdateLoaderTestsData */ = {isa = PBXFileReference; lastKnownFileType = folder; path = GVUpdateLoaderTestsData; sourceTree = "<group>"; };
		37E589171F92FDA6005AB715 /* GVUpdateLoaderTests.m */ = {isa = PBXFileReference; lastKnownFileType = sourcecode.c.objc; path = GVUpdateLoaderTests.m; sourceTree = "<group>"; };
		37E5891B1F930346005AB715 /* update.json */ = {isa = PBXFileReference; lastKnownFileType = text.json; path = update.json; sourceTree = "<group>"; };
		37EFADAD18BA701D00728113 /* MapKit.framework */ = {isa = PBXFileReference; lastKnownFileType = wrapper.framework; name = MapKit.framework; path = System/Library/Frameworks/MapKit.framework; sourceTree = SDKROOT; };
		37EFADB218BA716000728113 /* fr */ = {isa = PBXFileReference; lastKnownFileType = text.plist.strings; name = fr; path = fr.lproj/InfoPlist.strings; sourceTree = "<group>"; };
		37EFADB318BA716000728113 /* fr */ = {isa = PBXFileReference; lastKnownFileType = text.plist.strings; name = fr; path = fr.lproj/InfoPlist.strings; sourceTree = "<group>"; };
		37EFADB518BA722200728113 /* PISTE_CYCLABLE.csv */ = {isa = PBXFileReference; fileEncoding = 4; lastKnownFileType = text; path = PISTE_CYCLABLE.csv; sourceTree = "<group>"; };
/* End PBXFileReference section */

/* Begin PBXFrameworksBuildPhase section */
		373DC89F18BA6CC2003FBFC3 /* Frameworks */ = {
			isa = PBXFrameworksBuildPhase;
			buildActionMask = 2147483647;
			files = (
				375E775C1ACF2D6900765280 /* Fabric.framework in Frameworks */,
				37EFADAE18BA701D00728113 /* MapKit.framework in Frameworks */,
				373DC8A818BA6CC2003FBFC3 /* CoreGraphics.framework in Frameworks */,
				373DC8AC18BA6CC2003FBFC3 /* CoreData.framework in Frameworks */,
				373DC8AA18BA6CC2003FBFC3 /* UIKit.framework in Frameworks */,
				375E775B1ACF2D6900765280 /* Crashlytics.framework in Frameworks */,
				373DC8A618BA6CC2003FBFC3 /* Foundation.framework in Frameworks */,
			);
			runOnlyForDeploymentPostprocessing = 0;
		};
		373DC8C818BA6CC2003FBFC3 /* Frameworks */ = {
			isa = PBXFrameworksBuildPhase;
			buildActionMask = 2147483647;
			files = (
				373DC8CD18BA6CC2003FBFC3 /* XCTest.framework in Frameworks */,
				373DC8D018BA6CC2003FBFC3 /* CoreData.framework in Frameworks */,
				373DC8CF18BA6CC2003FBFC3 /* UIKit.framework in Frameworks */,
				373DC8CE18BA6CC2003FBFC3 /* Foundation.framework in Frameworks */,
				370AC68818C291B900A36D54 /* libOCMock.a in Frameworks */,
			);
			runOnlyForDeploymentPostprocessing = 0;
		};
/* End PBXFrameworksBuildPhase section */

/* Begin PBXGroup section */
		370AC6A218C377C300A36D54 /* Distribution Support */ = {
			isa = PBXGroup;
			children = (
				370AC6A418C377E300A36D54 /* README.md */,
				370AC6A318C377E300A36D54 /* LICENSE */,
				3739BDBE1AD18C3200F167FF /* iTunes */,
			);
			name = "Distribution Support";
			sourceTree = "<group>";
		};
		370AC6CC18C3DCC700A36D54 /* Web Views */ = {
			isa = PBXGroup;
			children = (
				370AC6CD18C3DCF100A36D54 /* GVAboutViewController.h */,
				370AC6CE18C3DCF100A36D54 /* GVAboutViewController.m */,
				370AC6D818C3E16200A36D54 /* GVAboutViewControllerTests.m */,
				370AC6D418C3DE7700A36D54 /* about.html */,
				370AC6DA18C3E71700A36D54 /* GVLicensesViewController.h */,
				370AC6DB18C3E71700A36D54 /* GVLicensesViewController.m */,
				370AC6DC18C3E71700A36D54 /* GVLicensesViewControllerTests.m */,
				378DA92518C3E75B00ED4501 /* licenses.html */,
				378DA92918C3E95A00ED4501 /* GVOpenDataLicenseViewController.h */,
				378DA92A18C3E95A00ED4501 /* GVOpenDataLicenseViewController.m */,
				378DA92B18C3E95A00ED4501 /* GVOpenDataLicenseViewControllerTests.m */,
				378DA92F18C3E9B600ED4501 /* open_data_license.html */,
				379F47BC1E920C64006C6BCD /* GVWebViewDelegate.h */,
				379F47BD1E920C64006C6BCD /* GVWebViewDelegate.m */,
				379F47BF1E920C76006C6BCD /* GVWebViewDelegateTests.m */,
			);
			name = "Web Views";
			sourceTree = "<group>";
		};
		373DC89918BA6CC2003FBFC3 = {
			isa = PBXGroup;
			children = (
				373DC8AD18BA6CC2003FBFC3 /* GatineauVelo */,
				373DC8D318BA6CC2003FBFC3 /* GatineauVeloTests */,
				373DC8A418BA6CC2003FBFC3 /* Frameworks */,
				373DC8A318BA6CC2003FBFC3 /* Products */,
				370AC6A218C377C300A36D54 /* Distribution Support */,
			);
			sourceTree = "<group>";
		};
		373DC8A318BA6CC2003FBFC3 /* Products */ = {
			isa = PBXGroup;
			children = (
				373DC8A218BA6CC2003FBFC3 /* GatineauVélo.app */,
				373DC8CB18BA6CC2003FBFC3 /* GatineauVéloTests.xctest */,
			);
			name = Products;
			sourceTree = "<group>";
		};
		373DC8A418BA6CC2003FBFC3 /* Frameworks */ = {
			isa = PBXGroup;
			children = (
				37EFADAD18BA701D00728113 /* MapKit.framework */,
				373DC8A518BA6CC2003FBFC3 /* Foundation.framework */,
				373DC8A718BA6CC2003FBFC3 /* CoreGraphics.framework */,
				373DC8A918BA6CC2003FBFC3 /* UIKit.framework */,
				373DC8AB18BA6CC2003FBFC3 /* CoreData.framework */,
				373DC8CC18BA6CC2003FBFC3 /* XCTest.framework */,
			);
			name = Frameworks;
			sourceTree = "<group>";
		};
		373DC8AD18BA6CC2003FBFC3 /* GatineauVelo */ = {
			isa = PBXGroup;
			children = (
				37BAB17218BAED6700B949D1 /* Third Party */,
				37EFADB418BA721300728113 /* Model */,
				370AC6CC18C3DCC700A36D54 /* Web Views */,
				370AC67B18C2886200A36D54 /* GVAppDefaults.h */,
				370AC67C18C2886200A36D54 /* GVAppDefaults.m */,
				370AC67E18C2887600A36D54 /* GVAppDefaultsTests.m */,
				370AC68018C2892B00A36D54 /* ApplicationDefaults.plist */,
				373DC8B618BA6CC2003FBFC3 /* GVAppDelegate.h */,
				373DC8B718BA6CC2003FBFC3 /* GVAppDelegate.m */,
				373DC8E718BA6DE1003FBFC3 /* GVAppDelegateTests.m */,
				370AC69A18C2E3E800A36D54 /* GVColorPolyline.h */,
				370AC69B18C2E3E800A36D54 /* GVColorPolyline.m */,
				370AC69D18C2E43C00A36D54 /* GVColorPolylineTests.m */,
				370AC68918C299FA00A36D54 /* GVContext.h */,
				370AC68A18C299FA00A36D54 /* GVContext.m */,
				370AC68C18C29A0300A36D54 /* GVContextTests.m */,
				378DA93618C4243200ED4501 /* GVContextTestsData */,
				370AC6C718C3D66A00A36D54 /* GVCoordinateChecker.h */,
				370AC6C818C3D66A00A36D54 /* GVCoordinateChecker.m */,
				370AC6CA18C3D67E00A36D54 /* GVCoordinateCheckerTests.m */,
				373DC8B918BA6CC2003FBFC3 /* Main.storyboard */,
				3710DBE818DD340400CF65C9 /* Main_iPad.storyboard */,
				373DC8BF18BA6CC2003FBFC3 /* GVMainViewController.h */,
				373DC8C018BA6CC2003FBFC3 /* GVMainViewController.m */,
				373DC8E318BA6CF0003FBFC3 /* GVMainViewControllerTests.m */,
				370AC69618C2A3AF00A36D54 /* GVMainViewControllerTestsData */,
				373DC8C218BA6CC2003FBFC3 /* GVFlipsideViewController.h */,
				373DC8C318BA6CC2003FBFC3 /* GVFlipsideViewController.m */,
				373DC8E518BA6D81003FBFC3 /* GVFlipsideViewControllerTests.m */,
				37427A021EA3FBE5001CD52E /* GVMapTypeViewController.h */,
				37427A031EA3FBE5001CD52E /* GVMapTypeViewController.m */,
				37427A041EA3FBE5001CD52E /* GVMapTypeViewControllerTests.m */,
				370AC6B718C3987700A36D54 /* GVPathColorsViewController.h */,
				370AC6B818C3987700A36D54 /* GVPathColorsViewController.m */,
				370AC6BA18C39A3D00A36D54 /* GVPathColorsViewControllerTests.m */,
				370AC6BC18C3A10B00A36D54 /* GVPathEnabledViewController.h */,
				370AC6BD18C3A10B00A36D54 /* GVPathEnabledViewController.m */,
				370AC6BE18C3A10B00A36D54 /* GVPathEnabledViewControllerTests.m */,
				370AC68218C28E6800A36D54 /* GVPathLoader.h */,
				370AC68318C28E6800A36D54 /* GVPathLoader.m */,
				370AC68518C28E7800A36D54 /* GVPathLoaderTests.m */,
				370AC69818C2B55A00A36D54 /* GVPathLoaderTestsData */,
				379F47C11E930B0C006C6BCD /* GVReviewController.h */,
				379F47C21E930B0C006C6BCD /* GVReviewController.m */,
				379F47C41E930B27006C6BCD /* GVReviewControllerTests.m */,
				37E589141F92FD99005AB715 /* GVUpdateLoader.h */,
				37E589151F92FD9A005AB715 /* GVUpdateLoader.m */,
				37E589171F92FDA6005AB715 /* GVUpdateLoaderTests.m */,
				37E589161F92FDA5005AB715 /* GVUpdateLoaderTestsData */,
				370AC6C218C3B18E00A36D54 /* GVUserLocation.h */,
				370AC6C318C3B18E00A36D54 /* GVUserLocation.m */,
				370AC6C518C3B20800A36D54 /* GVUserLocationTests.m */,
				373DC8C518BA6CC2003FBFC3 /* Images.xcassets */,
				3754E3381AB488D100A40786 /* Launch Screen.xib */,
				373DC8AE18BA6CC2003FBFC3 /* Supporting Files */,
			);
			path = GatineauVelo;
			sourceTree = "<group>";
		};
		373DC8AE18BA6CC2003FBFC3 /* Supporting Files */ = {
			isa = PBXGroup;
			children = (
				370AC68718C291B900A36D54 /* libOCMock.a */,
				375E775E1ACF6D8B00765280 /* GatineauVelo-Info.h */,
				373DC8AF18BA6CC2003FBFC3 /* GatineauVelo-Info.plist */,
				373DC8B018BA6CC2003FBFC3 /* InfoPlist.strings */,
				373DC8B318BA6CC2003FBFC3 /* main.m */,
				373DC8B518BA6CC2003FBFC3 /* GatineauVelo-Prefix.pch */,
			);
			name = "Supporting Files";
			sourceTree = "<group>";
		};
		373DC8D318BA6CC2003FBFC3 /* GatineauVeloTests */ = {
			isa = PBXGroup;
			children = (
				373DC8D418BA6CC2003FBFC3 /* Supporting Files */,
			);
			path = GatineauVeloTests;
			sourceTree = "<group>";
		};
		373DC8D418BA6CC2003FBFC3 /* Supporting Files */ = {
			isa = PBXGroup;
			children = (
				370AC69318C2A33200A36D54 /* GVTestCase.h */,
				370AC69418C2A33200A36D54 /* GVTestCase.m */,
				373DC8D518BA6CC2003FBFC3 /* GatineauVeloTests-Info.plist */,
				373DC8D618BA6CC2003FBFC3 /* InfoPlist.strings */,
			);
			name = "Supporting Files";
			sourceTree = "<group>";
		};
		37BAB17218BAED6700B949D1 /* Third Party */ = {
			isa = PBXGroup;
			children = (
				375E775D1ACF6C1600765280 /* FabricKeys.h */,
				37BAB17318BAED9300B949D1 /* DDFileReader.h */,
				37BAB17418BAED9300B949D1 /* DDFileReader.m */,
				378DA93318C4088C00ED4501 /* MBProgressHUD.h */,
				378DA93418C4088C00ED4501 /* MBProgressHUD.m */,
				370AC69F18C2ED5400A36D54 /* UIColor+HexColors.h */,
				370AC6A018C2ED5400A36D54 /* UIColor+HexColors.m */,
				375E77591ACF2D6900765280 /* Crashlytics.framework */,
				375E775A1ACF2D6900765280 /* Fabric.framework */,
			);
			name = "Third Party";
			sourceTree = "<group>";
		};
		37EFADB418BA721300728113 /* Model */ = {
			isa = PBXGroup;
			children = (
				37EFADB518BA722200728113 /* PISTE_CYCLABLE.csv */,
				37E5891B1F930346005AB715 /* update.json */,
				373DC8BC18BA6CC2003FBFC3 /* GatineauVe_lo.xcdatamodeld */,
				37BAB16F18BA767A00B949D1 /* GVPisteCyclable.h */,
				37BAB17018BA767A00B949D1 /* GVPisteCyclable.m */,
				37BAB16C18BA767A00B949D1 /* GVPoint.h */,
				37BAB16D18BA767A00B949D1 /* GVPoint.m */,
			);
			name = Model;
			sourceTree = "<group>";
		};
/* End PBXGroup section */

/* Begin PBXNativeTarget section */
		373DC8A118BA6CC2003FBFC3 /* GatineauVélo */ = {
			isa = PBXNativeTarget;
			buildConfigurationList = 373DC8DD18BA6CC2003FBFC3 /* Build configuration list for PBXNativeTarget "GatineauVélo" */;
			buildPhases = (
				375E775F1ACFA6D800765280 /* Create Fabric Header */,
				373DC89E18BA6CC2003FBFC3 /* Sources */,
				373DC89F18BA6CC2003FBFC3 /* Frameworks */,
				373DC8A018BA6CC2003FBFC3 /* Resources */,
				375E77581ACF2D4400765280 /* Fabric */,
			);
			buildRules = (
			);
			dependencies = (
			);
			name = "GatineauVélo";
			productName = "GatineauVélo";
			productReference = 373DC8A218BA6CC2003FBFC3 /* GatineauVélo.app */;
			productType = "com.apple.product-type.application";
		};
		373DC8CA18BA6CC2003FBFC3 /* GatineauVéloTests */ = {
			isa = PBXNativeTarget;
			buildConfigurationList = 373DC8E018BA6CC2003FBFC3 /* Build configuration list for PBXNativeTarget "GatineauVéloTests" */;
			buildPhases = (
				373DC8C718BA6CC2003FBFC3 /* Sources */,
				373DC8C818BA6CC2003FBFC3 /* Frameworks */,
				373DC8C918BA6CC2003FBFC3 /* Resources */,
			);
			buildRules = (
			);
			dependencies = (
				373DC8D218BA6CC2003FBFC3 /* PBXTargetDependency */,
			);
			name = "GatineauVéloTests";
			productName = "GatineauVéloTests";
			productReference = 373DC8CB18BA6CC2003FBFC3 /* GatineauVéloTests.xctest */;
			productType = "com.apple.product-type.bundle.unit-test";
		};
/* End PBXNativeTarget section */

/* Begin PBXProject section */
		373DC89A18BA6CC2003FBFC3 /* Project object */ = {
			isa = PBXProject;
			attributes = {
				CLASSPREFIX = GV;
				LastUpgradeCheck = 1000;
				ORGANIZATIONNAME = "Philippe Casgrain";
				TargetAttributes = {
					373DC8A118BA6CC2003FBFC3 = {
						DevelopmentTeam = V7QY36F2JR;
					};
					373DC8CA18BA6CC2003FBFC3 = {
						TestTargetID = 373DC8A118BA6CC2003FBFC3;
					};
				};
			};
			buildConfigurationList = 373DC89D18BA6CC2003FBFC3 /* Build configuration list for PBXProject "GatineauVelo" */;
			compatibilityVersion = "Xcode 3.2";
			developmentRegion = English;
			hasScannedForEncodings = 0;
			knownRegions = (
				en,
				Base,
				fr,
			);
			mainGroup = 373DC89918BA6CC2003FBFC3;
			productRefGroup = 373DC8A318BA6CC2003FBFC3 /* Products */;
			projectDirPath = "";
			projectRoot = "";
			targets = (
				373DC8A118BA6CC2003FBFC3 /* GatineauVélo */,
				373DC8CA18BA6CC2003FBFC3 /* GatineauVéloTests */,
			);
		};
/* End PBXProject section */

/* Begin PBXResourcesBuildPhase section */
		373DC8A018BA6CC2003FBFC3 /* Resources */ = {
			isa = PBXResourcesBuildPhase;
			buildActionMask = 2147483647;
			files = (
				37DEC0741F93092D0037BCBB /* update.json in Resources */,
				370AC6D218C3DE7700A36D54 /* about.html in Resources */,
				373DC8C618BA6CC2003FBFC3 /* Images.xcassets in Resources */,
				373DC8B218BA6CC2003FBFC3 /* InfoPlist.strings in Resources */,
				3710DBEA18DD340400CF65C9 /* Main_iPad.storyboard in Resources */,
				370AC68118C2892B00A36D54 /* ApplicationDefaults.plist in Resources */,
				373DC8BB18BA6CC2003FBFC3 /* Main.storyboard in Resources */,
				37EFADB618BA722200728113 /* PISTE_CYCLABLE.csv in Resources */,
				378DA93118C3E9B600ED4501 /* open_data_license.html in Resources */,
				378DA92718C3E75B00ED4501 /* licenses.html in Resources */,
				3754E33A1AB488D100A40786 /* Launch Screen.xib in Resources */,
			);
			runOnlyForDeploymentPostprocessing = 0;
		};
		373DC8C918BA6CC2003FBFC3 /* Resources */ = {
			isa = PBXResourcesBuildPhase;
			buildActionMask = 2147483647;
			files = (
				373DC8D818BA6CC2003FBFC3 /* InfoPlist.strings in Resources */,
				378DA93718C4243200ED4501 /* GVContextTestsData in Resources */,
				37E5891A1F92FF69005AB715 /* GVUpdateLoaderTestsData in Resources */,
				370AC69918C2B55A00A36D54 /* GVPathLoaderTestsData in Resources */,
				370AC69718C2A3AF00A36D54 /* GVMainViewControllerTestsData in Resources */,
			);
			runOnlyForDeploymentPostprocessing = 0;
		};
/* End PBXResourcesBuildPhase section */

/* Begin PBXShellScriptBuildPhase section */
		375E77581ACF2D4400765280 /* Fabric */ = {
			isa = PBXShellScriptBuildPhase;
			buildActionMask = 2147483647;
			files = (
			);
			inputPaths = (
			);
			name = Fabric;
			outputPaths = (
			);
			runOnlyForDeploymentPostprocessing = 0;
			shellPath = /bin/sh;
			shellScript = "# Check if Fabric support is activated\nif grep -q DISABLE_FABRIC \"${SRCROOT}/${PROJECT_NAME}/Third Party/FabricKeys.h\"\nthen\n    echo \"Fabric integration disabled, skipping Fabric framework\"\n    exit 0\nfi\n\necho \"Integrating with Fabric framework\"\n# Extract API keys from our header file (3rd column)\nFABRIC_API_KEY=`grep FABRIC_API_KEY \"${SRCROOT}/${PROJECT_NAME}/Third Party/FabricKeys.h\" | awk '{ print $3 }'`\nFABRIC_SECRET_KEY=`grep FABRIC_SECRET_KEY \"${SRCROOT}/${PROJECT_NAME}/Third Party/FabricKeys.h\" | awk '{ print $3 }'`\n\n\"./GatineauVelo/Third Party/Fabric.framework/run\" $FABRIC_API_KEY $FABRIC_SECRET_KEY";
		};
		375E775F1ACFA6D800765280 /* Create Fabric Header */ = {
			isa = PBXShellScriptBuildPhase;
			buildActionMask = 2147483647;
			files = (
			);
			inputPaths = (
			);
			name = "Create Fabric Header";
			outputPaths = (
			);
			runOnlyForDeploymentPostprocessing = 0;
			shellPath = /bin/sh;
			shellScript = "HEADER=\"${SRCROOT}/${PROJECT_NAME}/Third Party/FabricKeys.h\"\nif [ ! -f \"$HEADER\" ]; then\n    echo \"Header file absent, creating a dummy one for you\"\n    echo \"/* Remove this define and add your Fabric keys to use fabric.io */\" > \"$HEADER\"\n    echo \"#define DISABLE_FABRIC\" >> \"$HEADER\"\n    echo \"#define FABRIC_API_KEY enter_your_API_key_here\" >> \"$HEADER\"\n    echo \"#define FABRIC_SECRET_KEY enter_your_secret_key_here\" >> \"$HEADER\"\nfi";
		};
/* End PBXShellScriptBuildPhase section */

/* Begin PBXSourcesBuildPhase section */
		373DC89E18BA6CC2003FBFC3 /* Sources */ = {
			isa = PBXSourcesBuildPhase;
			buildActionMask = 2147483647;
			files = (
				37427A051EA3FBE5001CD52E /* GVMapTypeViewController.m in Sources */,
				370AC6C418C3B18E00A36D54 /* GVUserLocation.m in Sources */,
				37E589181F92FF61005AB715 /* GVUpdateLoader.m in Sources */,
				378DA92C18C3E95A00ED4501 /* GVOpenDataLicenseViewController.m in Sources */,
				370AC69C18C2E3E800A36D54 /* GVColorPolyline.m in Sources */,
				37BAB16E18BA767A00B949D1 /* GVPoint.m in Sources */,
				37BAB17118BA767A00B949D1 /* GVPisteCyclable.m in Sources */,
				373DC8B418BA6CC2003FBFC3 /* main.m in Sources */,
				370AC67D18C2886200A36D54 /* GVAppDefaults.m in Sources */,
				370AC68418C28E6800A36D54 /* GVPathLoader.m in Sources */,
				373DC8C418BA6CC2003FBFC3 /* GVFlipsideViewController.m in Sources */,
				37BAB17518BAED9300B949D1 /* DDFileReader.m in Sources */,
				373DC8B818BA6CC2003FBFC3 /* GVAppDelegate.m in Sources */,
				370AC6BF18C3A10B00A36D54 /* GVPathEnabledViewController.m in Sources */,
				370AC68B18C299FA00A36D54 /* GVContext.m in Sources */,
				378DA93518C4088C00ED4501 /* MBProgressHUD.m in Sources */,
				370AC6DD18C3E71700A36D54 /* GVLicensesViewController.m in Sources */,
				370AC6B918C3987700A36D54 /* GVPathColorsViewController.m in Sources */,
				379F47BE1E920C64006C6BCD /* GVWebViewDelegate.m in Sources */,
				379F47C31E930B0C006C6BCD /* GVReviewController.m in Sources */,
				370AC6CF18C3DCF100A36D54 /* GVAboutViewController.m in Sources */,
				370AC6C918C3D66A00A36D54 /* GVCoordinateChecker.m in Sources */,
				373DC8C118BA6CC2003FBFC3 /* GVMainViewController.m in Sources */,
				370AC6A118C2ED5400A36D54 /* UIColor+HexColors.m in Sources */,
				373DC8BE18BA6CC2003FBFC3 /* GatineauVe_lo.xcdatamodeld in Sources */,
			);
			runOnlyForDeploymentPostprocessing = 0;
		};
		373DC8C718BA6CC2003FBFC3 /* Sources */ = {
			isa = PBXSourcesBuildPhase;
			buildActionMask = 2147483647;
			files = (
				378DA92E18C3E95F00ED4501 /* GVOpenDataLicenseViewControllerTests.m in Sources */,
				370AC6D918C3E16200A36D54 /* GVAboutViewControllerTests.m in Sources */,
				379F47C01E920C77006C6BCD /* GVWebViewDelegateTests.m in Sources */,
				370AC6BB18C39A3D00A36D54 /* GVPathColorsViewControllerTests.m in Sources */,
				37427A071EA3FBEB001CD52E /* GVMapTypeViewControllerTests.m in Sources */,
				370AC68618C28E7800A36D54 /* GVPathLoaderTests.m in Sources */,
				370AC67F18C2887600A36D54 /* GVAppDefaultsTests.m in Sources */,
				370AC68D18C29A0300A36D54 /* GVContextTests.m in Sources */,
				373DC8E418BA6CF0003FBFC3 /* GVMainViewControllerTests.m in Sources */,
				370AC69E18C2E43C00A36D54 /* GVColorPolylineTests.m in Sources */,
				370AC69518C2A33200A36D54 /* GVTestCase.m in Sources */,
				373DC8E818BA6DE1003FBFC3 /* GVAppDelegateTests.m in Sources */,
				370AC6C618C3B20800A36D54 /* GVUserLocationTests.m in Sources */,
				370AC6C118C3A10F00A36D54 /* GVPathEnabledViewControllerTests.m in Sources */,
				37E589191F92FF65005AB715 /* GVUpdateLoaderTests.m in Sources */,
				370AC6DF18C3E71E00A36D54 /* GVLicensesViewControllerTests.m in Sources */,
				370AC6CB18C3D67E00A36D54 /* GVCoordinateCheckerTests.m in Sources */,
				379F47C51E930B27006C6BCD /* GVReviewControllerTests.m in Sources */,
				373DC8E618BA6D81003FBFC3 /* GVFlipsideViewControllerTests.m in Sources */,
			);
			runOnlyForDeploymentPostprocessing = 0;
		};
/* End PBXSourcesBuildPhase section */

/* Begin PBXTargetDependency section */
		373DC8D218BA6CC2003FBFC3 /* PBXTargetDependency */ = {
			isa = PBXTargetDependency;
			target = 373DC8A118BA6CC2003FBFC3 /* GatineauVélo */;
			targetProxy = 373DC8D118BA6CC2003FBFC3 /* PBXContainerItemProxy */;
		};
/* End PBXTargetDependency section */

/* Begin PBXVariantGroup section */
		370AC6D418C3DE7700A36D54 /* about.html */ = {
			isa = PBXVariantGroup;
			children = (
				370AC6D618C3DE7C00A36D54 /* fr */,
				370AC6D718C3DEB700A36D54 /* en */,
			);
			name = about.html;
			sourceTree = "<group>";
		};
		3710DBE818DD340400CF65C9 /* Main_iPad.storyboard */ = {
			isa = PBXVariantGroup;
			children = (
				3710DBE918DD340400CF65C9 /* Base */,
				3710DBEC18DD37C800CF65C9 /* fr */,
				3710DBEE18DD37C900CF65C9 /* en */,
			);
			name = Main_iPad.storyboard;
			sourceTree = "<group>";
		};
		373DC8B018BA6CC2003FBFC3 /* InfoPlist.strings */ = {
			isa = PBXVariantGroup;
			children = (
				373DC8B118BA6CC2003FBFC3 /* en */,
				37EFADB218BA716000728113 /* fr */,
			);
			name = InfoPlist.strings;
			sourceTree = "<group>";
		};
		373DC8B918BA6CC2003FBFC3 /* Main.storyboard */ = {
			isa = PBXVariantGroup;
			children = (
				373DC8BA18BA6CC2003FBFC3 /* Base */,
				37D96A9518C58035006298B4 /* fr */,
				37D96A9618C5803A006298B4 /* en */,
			);
			name = Main.storyboard;
			sourceTree = "<group>";
		};
		373DC8D618BA6CC2003FBFC3 /* InfoPlist.strings */ = {
			isa = PBXVariantGroup;
			children = (
				373DC8D718BA6CC2003FBFC3 /* en */,
				37EFADB318BA716000728113 /* fr */,
			);
			name = InfoPlist.strings;
			sourceTree = "<group>";
		};
		3754E3381AB488D100A40786 /* Launch Screen.xib */ = {
			isa = PBXVariantGroup;
			children = (
				3754E3391AB488D100A40786 /* Base */,
				3754E33C1AB4890B00A40786 /* en */,
				3754E33E1AB4890D00A40786 /* fr */,
			);
			name = "Launch Screen.xib";
			sourceTree = "<group>";
		};
		378DA92518C3E75B00ED4501 /* licenses.html */ = {
			isa = PBXVariantGroup;
			children = (
				378DA92618C3E75B00ED4501 /* en */,
				378DA92818C3E76100ED4501 /* fr */,
			);
			name = licenses.html;
			sourceTree = "<group>";
		};
		378DA92F18C3E9B600ED4501 /* open_data_license.html */ = {
			isa = PBXVariantGroup;
			children = (
				378DA93018C3E9B600ED4501 /* en */,
				378DA93218C3E9BA00ED4501 /* fr */,
			);
			name = open_data_license.html;
			sourceTree = "<group>";
		};
/* End PBXVariantGroup section */

/* Begin XCBuildConfiguration section */
		373DC8DB18BA6CC2003FBFC3 /* Debug */ = {
			isa = XCBuildConfiguration;
			buildSettings = {
				ALWAYS_SEARCH_USER_PATHS = NO;
				CLANG_ANALYZER_LOCALIZABILITY_NONLOCALIZED = YES;
				CLANG_CXX_LANGUAGE_STANDARD = "gnu++0x";
				CLANG_CXX_LIBRARY = "libc++";
				CLANG_ENABLE_MODULES = YES;
				CLANG_ENABLE_OBJC_ARC = YES;
				CLANG_WARN_BLOCK_CAPTURE_AUTORELEASING = YES;
				CLANG_WARN_BOOL_CONVERSION = YES;
				CLANG_WARN_COMMA = YES;
				CLANG_WARN_CONSTANT_CONVERSION = YES;
				CLANG_WARN_DEPRECATED_OBJC_IMPLEMENTATIONS = YES;
				CLANG_WARN_DIRECT_OBJC_ISA_USAGE = YES_ERROR;
				CLANG_WARN_EMPTY_BODY = YES;
				CLANG_WARN_ENUM_CONVERSION = YES;
				CLANG_WARN_INFINITE_RECURSION = YES;
				CLANG_WARN_INT_CONVERSION = YES;
				CLANG_WARN_NON_LITERAL_NULL_CONVERSION = YES;
				CLANG_WARN_OBJC_IMPLICIT_RETAIN_SELF = YES;
				CLANG_WARN_OBJC_LITERAL_CONVERSION = YES;
				CLANG_WARN_OBJC_ROOT_CLASS = YES_ERROR;
				CLANG_WARN_RANGE_LOOP_ANALYSIS = YES;
				CLANG_WARN_STRICT_PROTOTYPES = YES;
				CLANG_WARN_SUSPICIOUS_MOVE = YES;
				CLANG_WARN_UNREACHABLE_CODE = YES;
				CLANG_WARN__DUPLICATE_METHOD_MATCH = YES;
				"CODE_SIGN_IDENTITY[sdk=iphoneos*]" = "iPhone Developer";
				COPY_PHASE_STRIP = NO;
				ENABLE_STRICT_OBJC_MSGSEND = YES;
				ENABLE_TESTABILITY = YES;
				GCC_C_LANGUAGE_STANDARD = gnu99;
				GCC_DYNAMIC_NO_PIC = NO;
				GCC_NO_COMMON_BLOCKS = YES;
				GCC_OPTIMIZATION_LEVEL = 0;
				GCC_PREPROCESSOR_DEFINITIONS = (
					"DEBUG=1",
					"$(inherited)",
				);
				GCC_SYMBOLS_PRIVATE_EXTERN = NO;
				GCC_WARN_64_TO_32_BIT_CONVERSION = YES;
				GCC_WARN_ABOUT_RETURN_TYPE = YES_ERROR;
				GCC_WARN_UNDECLARED_SELECTOR = YES;
				GCC_WARN_UNINITIALIZED_AUTOS = YES;
				GCC_WARN_UNUSED_FUNCTION = YES;
				GCC_WARN_UNUSED_VARIABLE = YES;
				IPHONEOS_DEPLOYMENT_TARGET = 8.0;
				ONLY_ACTIVE_ARCH = YES;
				SDKROOT = iphoneos;
			};
			name = Debug;
		};
		373DC8DC18BA6CC2003FBFC3 /* Release */ = {
			isa = XCBuildConfiguration;
			buildSettings = {
				ALWAYS_SEARCH_USER_PATHS = NO;
				CLANG_ANALYZER_LOCALIZABILITY_NONLOCALIZED = YES;
				CLANG_CXX_LANGUAGE_STANDARD = "gnu++0x";
				CLANG_CXX_LIBRARY = "libc++";
				CLANG_ENABLE_MODULES = YES;
				CLANG_ENABLE_OBJC_ARC = YES;
				CLANG_WARN_BLOCK_CAPTURE_AUTORELEASING = YES;
				CLANG_WARN_BOOL_CONVERSION = YES;
				CLANG_WARN_COMMA = YES;
				CLANG_WARN_CONSTANT_CONVERSION = YES;
				CLANG_WARN_DEPRECATED_OBJC_IMPLEMENTATIONS = YES;
				CLANG_WARN_DIRECT_OBJC_ISA_USAGE = YES_ERROR;
				CLANG_WARN_EMPTY_BODY = YES;
				CLANG_WARN_ENUM_CONVERSION = YES;
				CLANG_WARN_INFINITE_RECURSION = YES;
				CLANG_WARN_INT_CONVERSION = YES;
				CLANG_WARN_NON_LITERAL_NULL_CONVERSION = YES;
				CLANG_WARN_OBJC_IMPLICIT_RETAIN_SELF = YES;
				CLANG_WARN_OBJC_LITERAL_CONVERSION = YES;
				CLANG_WARN_OBJC_ROOT_CLASS = YES_ERROR;
				CLANG_WARN_RANGE_LOOP_ANALYSIS = YES;
				CLANG_WARN_STRICT_PROTOTYPES = YES;
				CLANG_WARN_SUSPICIOUS_MOVE = YES;
				CLANG_WARN_UNREACHABLE_CODE = YES;
				CLANG_WARN__DUPLICATE_METHOD_MATCH = YES;
				"CODE_SIGN_IDENTITY[sdk=iphoneos*]" = "iPhone Developer";
				COPY_PHASE_STRIP = YES;
				ENABLE_NS_ASSERTIONS = NO;
				ENABLE_STRICT_OBJC_MSGSEND = YES;
				GCC_C_LANGUAGE_STANDARD = gnu99;
				GCC_NO_COMMON_BLOCKS = YES;
				GCC_WARN_64_TO_32_BIT_CONVERSION = YES;
				GCC_WARN_ABOUT_RETURN_TYPE = YES_ERROR;
				GCC_WARN_UNDECLARED_SELECTOR = YES;
				GCC_WARN_UNINITIALIZED_AUTOS = YES;
				GCC_WARN_UNUSED_FUNCTION = YES;
				GCC_WARN_UNUSED_VARIABLE = YES;
				IPHONEOS_DEPLOYMENT_TARGET = 8.0;
				SDKROOT = iphoneos;
				VALIDATE_PRODUCT = YES;
			};
			name = Release;
		};
		373DC8DE18BA6CC2003FBFC3 /* Debug */ = {
			isa = XCBuildConfiguration;
			buildSettings = {
				ASSETCATALOG_COMPILER_APPICON_NAME = AppIcon;
				ASSETCATALOG_COMPILER_LAUNCHIMAGE_NAME = LaunchImage;
				CODE_SIGN_IDENTITY = "iPhone Developer";
				"CODE_SIGN_IDENTITY[sdk=iphoneos*]" = "iPhone Developer";
				FRAMEWORK_SEARCH_PATHS = (
					"$(inherited)",
					"$(PROJECT_DIR)",
					"\"$(PROJECT_DIR)/GatineauVelo/Third Party/\"",
				);
				GCC_PRECOMPILE_PREFIX_HEADER = YES;
				GCC_PREFIX_HEADER = "GatineauVelo/GatineauVelo-Prefix.pch";
				INFOPLIST_FILE = "GatineauVelo/GatineauVelo-Info.plist";
				INFOPLIST_PREFIX_HEADER = "GatineauVelo/GatineauVelo-Info.h";
				INFOPLIST_PREPROCESS = YES;
				PRODUCT_BUNDLE_IDENTIFIER = "com.casgrain.${PRODUCT_NAME:rfc1034identifier}";
				PRODUCT_NAME = "$(TARGET_NAME)";
				PROVISIONING_PROFILE = "";
				TARGETED_DEVICE_FAMILY = "1,2";
				WRAPPER_EXTENSION = app;
			};
			name = Debug;
		};
		373DC8DF18BA6CC2003FBFC3 /* Release */ = {
			isa = XCBuildConfiguration;
			buildSettings = {
				ASSETCATALOG_COMPILER_APPICON_NAME = AppIcon;
				ASSETCATALOG_COMPILER_LAUNCHIMAGE_NAME = LaunchImage;
				CODE_SIGN_IDENTITY = "iPhone Developer";
				"CODE_SIGN_IDENTITY[sdk=iphoneos*]" = "iPhone Developer";
				FRAMEWORK_SEARCH_PATHS = (
					"$(inherited)",
					"$(PROJECT_DIR)",
					"\"$(PROJECT_DIR)/GatineauVelo/Third Party/\"",
				);
				GCC_PRECOMPILE_PREFIX_HEADER = YES;
				GCC_PREFIX_HEADER = "GatineauVelo/GatineauVelo-Prefix.pch";
				INFOPLIST_FILE = "GatineauVelo/GatineauVelo-Info.plist";
				INFOPLIST_PREFIX_HEADER = "GatineauVelo/GatineauVelo-Info.h";
				INFOPLIST_PREPROCESS = YES;
				PRODUCT_BUNDLE_IDENTIFIER = "com.casgrain.${PRODUCT_NAME:rfc1034identifier}";
				PRODUCT_NAME = "$(TARGET_NAME)";
				PROVISIONING_PROFILE = "";
				TARGETED_DEVICE_FAMILY = "1,2";
				WRAPPER_EXTENSION = app;
			};
			name = Release;
		};
		373DC8E118BA6CC2003FBFC3 /* Debug */ = {
			isa = XCBuildConfiguration;
			buildSettings = {
				BUNDLE_LOADER = "$(BUILT_PRODUCTS_DIR)/GatineauVélo.app/GatineauVélo";
				GCC_PRECOMPILE_PREFIX_HEADER = YES;
				GCC_PREFIX_HEADER = "GatineauVelo/GatineauVelo-Prefix.pch";
				HEADER_SEARCH_PATHS = (
					"$(inherited)",
					/Applications/Xcode.app/Contents/Developer/Toolchains/XcodeDefault.xctoolchain/usr/include,
					"\"$(SRCROOT)/GatineauVeloTests/OCMock/iOS\"",
				);
				INFOPLIST_FILE = "GatineauVeloTests/GatineauVeloTests-Info.plist";
				LIBRARY_SEARCH_PATHS = (
					"$(inherited)",
					"\"$(SRCROOT)/GatineauVeloTests/OCMock/iOS\"",
				);
				OTHER_LDFLAGS = (
					"$(inherited)",
					"-framework",
					XCTest,
					"-force_load",
					"\"$(SRCROOT)/GatineauVeloTests/OCMock/iOS/libOCMock.a\"",
					"-ObjC",
				);
				PRODUCT_BUNDLE_IDENTIFIER = "com.casgrain.${PRODUCT_NAME:rfc1034identifier}";
				PRODUCT_NAME = "$(TARGET_NAME)";
				TEST_HOST = "$(BUNDLE_LOADER)";
				WRAPPER_EXTENSION = xctest;
			};
			name = Debug;
		};
		373DC8E218BA6CC2003FBFC3 /* Release */ = {
			isa = XCBuildConfiguration;
			buildSettings = {
				BUNDLE_LOADER = "$(BUILT_PRODUCTS_DIR)/GatineauVelo.app/GatineauVélo";
				GCC_PRECOMPILE_PREFIX_HEADER = YES;
				GCC_PREFIX_HEADER = "GatineauVelo/GatineauVelo-Prefix.pch";
				HEADER_SEARCH_PATHS = (
					"$(inherited)",
					/Applications/Xcode.app/Contents/Developer/Toolchains/XcodeDefault.xctoolchain/usr/include,
					"\"$(SRCROOT)/GatineauVeloTests/OCMock/iOS\"",
				);
				INFOPLIST_FILE = "GatineauVeloTests/GatineauVeloTests-Info.plist";
				LIBRARY_SEARCH_PATHS = (
					"$(inherited)",
					"\"$(SRCROOT)/GatineauVeloTests/OCMock/iOS\"",
				);
				OTHER_LDFLAGS = (
					"$(inherited)",
					"-framework",
					XCTest,
					"-force_load",
					"\"$(SRCROOT)/GatineauVeloTests/OCMock/iOS/libOCMock.a\"",
					"-ObjC",
				);
				PRODUCT_BUNDLE_IDENTIFIER = "com.casgrain.${PRODUCT_NAME:rfc1034identifier}";
				PRODUCT_NAME = "$(TARGET_NAME)";
				TEST_HOST = "$(BUNDLE_LOADER)";
				WRAPPER_EXTENSION = xctest;
			};
			name = Release;
		};
		37D96A9718C592D4006298B4 /* App Store */ = {
			isa = XCBuildConfiguration;
			buildSettings = {
				ALWAYS_SEARCH_USER_PATHS = NO;
				CLANG_ANALYZER_LOCALIZABILITY_NONLOCALIZED = YES;
				CLANG_CXX_LANGUAGE_STANDARD = "gnu++0x";
				CLANG_CXX_LIBRARY = "libc++";
				CLANG_ENABLE_MODULES = YES;
				CLANG_ENABLE_OBJC_ARC = YES;
				CLANG_WARN_BLOCK_CAPTURE_AUTORELEASING = YES;
				CLANG_WARN_BOOL_CONVERSION = YES;
				CLANG_WARN_COMMA = YES;
				CLANG_WARN_CONSTANT_CONVERSION = YES;
				CLANG_WARN_DEPRECATED_OBJC_IMPLEMENTATIONS = YES;
				CLANG_WARN_DIRECT_OBJC_ISA_USAGE = YES_ERROR;
				CLANG_WARN_EMPTY_BODY = YES;
				CLANG_WARN_ENUM_CONVERSION = YES;
				CLANG_WARN_INFINITE_RECURSION = YES;
				CLANG_WARN_INT_CONVERSION = YES;
				CLANG_WARN_NON_LITERAL_NULL_CONVERSION = YES;
				CLANG_WARN_OBJC_IMPLICIT_RETAIN_SELF = YES;
				CLANG_WARN_OBJC_LITERAL_CONVERSION = YES;
				CLANG_WARN_OBJC_ROOT_CLASS = YES_ERROR;
				CLANG_WARN_RANGE_LOOP_ANALYSIS = YES;
				CLANG_WARN_STRICT_PROTOTYPES = YES;
				CLANG_WARN_SUSPICIOUS_MOVE = YES;
				CLANG_WARN_UNREACHABLE_CODE = YES;
				CLANG_WARN__DUPLICATE_METHOD_MATCH = YES;
				"CODE_SIGN_IDENTITY[sdk=iphoneos*]" = "iPhone Distribution";
				COPY_PHASE_STRIP = YES;
				ENABLE_NS_ASSERTIONS = NO;
				ENABLE_STRICT_OBJC_MSGSEND = YES;
				GCC_C_LANGUAGE_STANDARD = gnu99;
				GCC_NO_COMMON_BLOCKS = YES;
				GCC_WARN_64_TO_32_BIT_CONVERSION = YES;
				GCC_WARN_ABOUT_RETURN_TYPE = YES_ERROR;
				GCC_WARN_UNDECLARED_SELECTOR = YES;
				GCC_WARN_UNINITIALIZED_AUTOS = YES;
				GCC_WARN_UNUSED_FUNCTION = YES;
				GCC_WARN_UNUSED_VARIABLE = YES;
				IPHONEOS_DEPLOYMENT_TARGET = 8.0;
				SDKROOT = iphoneos;
				VALIDATE_PRODUCT = YES;
			};
			name = "App Store";
		};
		37D96A9818C592D4006298B4 /* App Store */ = {
			isa = XCBuildConfiguration;
			buildSettings = {
				ASSETCATALOG_COMPILER_APPICON_NAME = AppIcon;
				ASSETCATALOG_COMPILER_LAUNCHIMAGE_NAME = LaunchImage;
				CODE_SIGN_IDENTITY = "iPhone Developer";
				"CODE_SIGN_IDENTITY[sdk=iphoneos*]" = "iPhone Developer";
				FRAMEWORK_SEARCH_PATHS = (
					"$(inherited)",
					"$(PROJECT_DIR)",
					"\"$(PROJECT_DIR)/GatineauVelo/Third Party/\"",
				);
				GCC_PRECOMPILE_PREFIX_HEADER = YES;
				GCC_PREFIX_HEADER = "GatineauVelo/GatineauVelo-Prefix.pch";
				INFOPLIST_FILE = "GatineauVelo/GatineauVelo-Info.plist";
				INFOPLIST_PREFIX_HEADER = "GatineauVelo/GatineauVelo-Info.h";
				INFOPLIST_PREPROCESS = YES;
				PRODUCT_BUNDLE_IDENTIFIER = "com.casgrain.${PRODUCT_NAME:rfc1034identifier}";
				PRODUCT_NAME = "$(TARGET_NAME)";
				PROVISIONING_PROFILE = "";
				TARGETED_DEVICE_FAMILY = "1,2";
				WRAPPER_EXTENSION = app;
			};
			name = "App Store";
		};
		37D96A9918C592D4006298B4 /* App Store */ = {
			isa = XCBuildConfiguration;
			buildSettings = {
				BUNDLE_LOADER = "$(BUILT_PRODUCTS_DIR)/GatineauVélo.app/GatineauVélo";
				GCC_PRECOMPILE_PREFIX_HEADER = YES;
				GCC_PREFIX_HEADER = "GatineauVelo/GatineauVelo-Prefix.pch";
				HEADER_SEARCH_PATHS = (
					"$(inherited)",
					/Applications/Xcode.app/Contents/Developer/Toolchains/XcodeDefault.xctoolchain/usr/include,
					"\"$(SRCROOT)/GatineauVeloTests/OCMock/iOS\"",
				);
				INFOPLIST_FILE = "GatineauVeloTests/GatineauVeloTests-Info.plist";
				LIBRARY_SEARCH_PATHS = (
					"$(inherited)",
					"\"$(SRCROOT)/GatineauVeloTests/OCMock/iOS\"",
				);
				OTHER_LDFLAGS = (
					"$(inherited)",
					"-framework",
					XCTest,
					"-force_load",
					"\"$(SRCROOT)/GatineauVeloTests/OCMock/iOS/libOCMock.a\"",
					"-ObjC",
				);
				PRODUCT_BUNDLE_IDENTIFIER = "com.casgrain.${PRODUCT_NAME:rfc1034identifier}";
				PRODUCT_NAME = "$(TARGET_NAME)";
				TEST_HOST = "$(BUNDLE_LOADER)";
				WRAPPER_EXTENSION = xctest;
			};
			name = "App Store";
		};
/* End XCBuildConfiguration section */

/* Begin XCConfigurationList section */
		373DC89D18BA6CC2003FBFC3 /* Build configuration list for PBXProject "GatineauVelo" */ = {
			isa = XCConfigurationList;
			buildConfigurations = (
				373DC8DB18BA6CC2003FBFC3 /* Debug */,
				373DC8DC18BA6CC2003FBFC3 /* Release */,
				37D96A9718C592D4006298B4 /* App Store */,
			);
			defaultConfigurationIsVisible = 0;
			defaultConfigurationName = Release;
		};
		373DC8DD18BA6CC2003FBFC3 /* Build configuration list for PBXNativeTarget "GatineauVélo" */ = {
			isa = XCConfigurationList;
			buildConfigurations = (
				373DC8DE18BA6CC2003FBFC3 /* Debug */,
				373DC8DF18BA6CC2003FBFC3 /* Release */,
				37D96A9818C592D4006298B4 /* App Store */,
			);
			defaultConfigurationIsVisible = 0;
			defaultConfigurationName = Release;
		};
		373DC8E018BA6CC2003FBFC3 /* Build configuration list for PBXNativeTarget "GatineauVéloTests" */ = {
			isa = XCConfigurationList;
			buildConfigurations = (
				373DC8E118BA6CC2003FBFC3 /* Debug */,
				373DC8E218BA6CC2003FBFC3 /* Release */,
				37D96A9918C592D4006298B4 /* App Store */,
			);
			defaultConfigurationIsVisible = 0;
			defaultConfigurationName = Release;
		};
/* End XCConfigurationList section */

/* Begin XCVersionGroup section */
		373DC8BC18BA6CC2003FBFC3 /* GatineauVe_lo.xcdatamodeld */ = {
			isa = XCVersionGroup;
			children = (
				373DC8BD18BA6CC2003FBFC3 /* GatineauVe_lo.xcdatamodel */,
			);
			currentVersion = 373DC8BD18BA6CC2003FBFC3 /* GatineauVe_lo.xcdatamodel */;
			path = GatineauVe_lo.xcdatamodeld;
			sourceTree = "<group>";
			versionGroupType = wrapper.xcdatamodel;
		};
/* End XCVersionGroup section */
	};
	rootObject = 373DC89A18BA6CC2003FBFC3 /* Project object */;
}
